
Microsoft Visual Studio Solution File, Format Version 12.00
# Visual Studio Version 17
VisualStudioVersion = 17.0.31903.59
MinimumVisualStudioVersion = 10.0.40219.1
Project("{9A19103F-16F7-4668-BE54-9A1E7A4F7556}") = "Artify.API", "src\Artify.API\Artify.API.csproj", "{3E791194-4501-4A7E-B2B5-729D7CCEB384}"
EndProject
Project("{9A19103F-16F7-4668-BE54-9A1E7A4F7556}") = "Artify.WEB", "src\Artify.WEB\Artify.WEB.csproj", "{8216D7E3-6DA1-4CBF-BB03-B0A16EA0F946}"
EndProject
Project("{9A19103F-16F7-4668-BE54-9A1E7A4F7556}") = "Artify.Presentation", "src\Artify.Presentation\Artify.Presentation.csproj", "{3608604F-3A68-447D-94B4-26EC4FBC3C32}"
EndProject
Project("{9A19103F-16F7-4668-BE54-9A1E7A4F7556}") = "Artify.Entities", "src\Artify.Entities\Artify.Entities.csproj", "{A4697ADB-817F-43EF-9F5E-BE9088D91836}"
EndProject
Project("{9A19103F-16F7-4668-BE54-9A1E7A4F7556}") = "Artify.Services", "src\Artify.Services\Artify.Services.csproj", "{3C85AE59-EA79-4548-BFE2-C0B8F492A937}"
EndProject
Project("{9A19103F-16F7-4668-BE54-9A1E7A4F7556}") = "Artify.Services.Contracts", "src\Artify.Services.Contracts\Artify.Services.Contracts.csproj", "{287F42F4-0DFB-40D2-BD87-93AC6E2E2628}"
EndProject
Project("{9A19103F-16F7-4668-BE54-9A1E7A4F7556}") = "Artify.Repositories.Contracts", "src\Artify.Repositories.Contracts\Artify.Repositories.Contracts.csproj", "{24588DDF-2D73-4C6E-A1D9-AECC60399CC6}"
EndProject
Project("{9A19103F-16F7-4668-BE54-9A1E7A4F7556}") = "Artify.Repositories", "src\Artify.Repositories\Artify.Repositories.csproj", "{9EDFF0C7-4A16-4796-B642-C42F57AC7B3D}"
EndProject
Project("{2150E333-8FDC-42A3-9474-1A3956D46DE8}") = "Tests", "Tests", "{3B463317-883C-4DCF-8F83-5BEB51F7EC34}"
EndProject
Project("{2150E333-8FDC-42A3-9474-1A3956D46DE8}") = "Domain", "Domain", "{88BC09B4-A502-4FCC-88BE-54CB0612CBDC}"
EndProject
Project("{2150E333-8FDC-42A3-9474-1A3956D46DE8}") = "Presentation", "Presentation", "{90632C0A-2083-41A6-A243-706194665598}"
EndProject
Project("{2150E333-8FDC-42A3-9474-1A3956D46DE8}") = "Services", "Services", "{3B0FC3BF-82D3-429B-AF8F-ABA75E1C8704}"
EndProject
Project("{9A19103F-16F7-4668-BE54-9A1E7A4F7556}") = "Artify.Presentation.Tests", "src\Tests\Artify.Presentation.Tests\Artify.Presentation.Tests.csproj", "{C9E41B4F-DB81-4252-AF66-62D954A22145}"
EndProject
Project("{9A19103F-16F7-4668-BE54-9A1E7A4F7556}") = "Artify.Repository.IntegrationTests", "src\Tests\Artify.Repository.Tests\Artify.Repository.IntegrationTests.csproj", "{798F110A-7F62-44C9-B770-8B80A36E366F}"
EndProject
Project("{2150E333-8FDC-42A3-9474-1A3956D46DE8}") = ".github", ".github", "{31E66742-329A-4282-B268-8DEC315DA532}"
EndProject
Project("{2150E333-8FDC-42A3-9474-1A3956D46DE8}") = "workflows", "workflows", "{C0CA54F4-6473-49C6-A75E-1BFB839FEFCE}"
	ProjectSection(SolutionItems) = preProject
		.github\workflows\Build and test.yml = .github\workflows\Build and test.yml
		.github\workflows\Testing.yml = .github\workflows\Testing.yml
	EndProjectSection
EndProject
Global
	GlobalSection(SolutionConfigurationPlatforms) = preSolution
		Debug|Any CPU = Debug|Any CPU
		Release|Any CPU = Release|Any CPU
	EndGlobalSection
	GlobalSection(ProjectConfigurationPlatforms) = postSolution
		{3E791194-4501-4A7E-B2B5-729D7CCEB384}.Debug|Any CPU.ActiveCfg = Debug|Any CPU
		{3E791194-4501-4A7E-B2B5-729D7CCEB384}.Debug|Any CPU.Build.0 = Debug|Any CPU
		{3E791194-4501-4A7E-B2B5-729D7CCEB384}.Release|Any CPU.ActiveCfg = Release|Any CPU
		{3E791194-4501-4A7E-B2B5-729D7CCEB384}.Release|Any CPU.Build.0 = Release|Any CPU
		{8216D7E3-6DA1-4CBF-BB03-B0A16EA0F946}.Debug|Any CPU.ActiveCfg = Debug|Any CPU
		{8216D7E3-6DA1-4CBF-BB03-B0A16EA0F946}.Debug|Any CPU.Build.0 = Debug|Any CPU
		{8216D7E3-6DA1-4CBF-BB03-B0A16EA0F946}.Release|Any CPU.ActiveCfg = Release|Any CPU
		{8216D7E3-6DA1-4CBF-BB03-B0A16EA0F946}.Release|Any CPU.Build.0 = Release|Any CPU
		{3608604F-3A68-447D-94B4-26EC4FBC3C32}.Debug|Any CPU.ActiveCfg = Debug|Any CPU
		{3608604F-3A68-447D-94B4-26EC4FBC3C32}.Debug|Any CPU.Build.0 = Debug|Any CPU
		{3608604F-3A68-447D-94B4-26EC4FBC3C32}.Release|Any CPU.ActiveCfg = Release|Any CPU
		{3608604F-3A68-447D-94B4-26EC4FBC3C32}.Release|Any CPU.Build.0 = Release|Any CPU
		{A4697ADB-817F-43EF-9F5E-BE9088D91836}.Debug|Any CPU.ActiveCfg = Debug|Any CPU
		{A4697ADB-817F-43EF-9F5E-BE9088D91836}.Debug|Any CPU.Build.0 = Debug|Any CPU
		{A4697ADB-817F-43EF-9F5E-BE9088D91836}.Release|Any CPU.ActiveCfg = Release|Any CPU
		{A4697ADB-817F-43EF-9F5E-BE9088D91836}.Release|Any CPU.Build.0 = Release|Any CPU
		{3C85AE59-EA79-4548-BFE2-C0B8F492A937}.Debug|Any CPU.ActiveCfg = Debug|Any CPU
		{3C85AE59-EA79-4548-BFE2-C0B8F492A937}.Debug|Any CPU.Build.0 = Debug|Any CPU
		{3C85AE59-EA79-4548-BFE2-C0B8F492A937}.Release|Any CPU.ActiveCfg = Release|Any CPU
		{3C85AE59-EA79-4548-BFE2-C0B8F492A937}.Release|Any CPU.Build.0 = Release|Any CPU
		{287F42F4-0DFB-40D2-BD87-93AC6E2E2628}.Debug|Any CPU.ActiveCfg = Debug|Any CPU
		{287F42F4-0DFB-40D2-BD87-93AC6E2E2628}.Debug|Any CPU.Build.0 = Debug|Any CPU
		{287F42F4-0DFB-40D2-BD87-93AC6E2E2628}.Release|Any CPU.ActiveCfg = Release|Any CPU
		{287F42F4-0DFB-40D2-BD87-93AC6E2E2628}.Release|Any CPU.Build.0 = Release|Any CPU
		{24588DDF-2D73-4C6E-A1D9-AECC60399CC6}.Debug|Any CPU.ActiveCfg = Debug|Any CPU
		{24588DDF-2D73-4C6E-A1D9-AECC60399CC6}.Debug|Any CPU.Build.0 = Debug|Any CPU
		{24588DDF-2D73-4C6E-A1D9-AECC60399CC6}.Release|Any CPU.ActiveCfg = Release|Any CPU
		{24588DDF-2D73-4C6E-A1D9-AECC60399CC6}.Release|Any CPU.Build.0 = Release|Any CPU
		{9EDFF0C7-4A16-4796-B642-C42F57AC7B3D}.Debug|Any CPU.ActiveCfg = Debug|Any CPU
		{9EDFF0C7-4A16-4796-B642-C42F57AC7B3D}.Debug|Any CPU.Build.0 = Debug|Any CPU
		{9EDFF0C7-4A16-4796-B642-C42F57AC7B3D}.Release|Any CPU.ActiveCfg = Release|Any CPU
		{9EDFF0C7-4A16-4796-B642-C42F57AC7B3D}.Release|Any CPU.Build.0 = Release|Any CPU
		{C9E41B4F-DB81-4252-AF66-62D954A22145}.Debug|Any CPU.ActiveCfg = Debug|Any CPU
		{C9E41B4F-DB81-4252-AF66-62D954A22145}.Debug|Any CPU.Build.0 = Debug|Any CPU
		{C9E41B4F-DB81-4252-AF66-62D954A22145}.Release|Any CPU.ActiveCfg = Release|Any CPU
		{C9E41B4F-DB81-4252-AF66-62D954A22145}.Release|Any CPU.Build.0 = Release|Any CPU
		{798F110A-7F62-44C9-B770-8B80A36E366F}.Debug|Any CPU.ActiveCfg = Debug|Any CPU
		{798F110A-7F62-44C9-B770-8B80A36E366F}.Debug|Any CPU.Build.0 = Debug|Any CPU
		{798F110A-7F62-44C9-B770-8B80A36E366F}.Release|Any CPU.ActiveCfg = Release|Any CPU
		{798F110A-7F62-44C9-B770-8B80A36E366F}.Release|Any CPU.Build.0 = Release|Any CPU
	EndGlobalSection
	GlobalSection(SolutionProperties) = preSolution
		HideSolutionNode = FALSE
	EndGlobalSection
	GlobalSection(NestedProjects) = preSolution
		{3608604F-3A68-447D-94B4-26EC4FBC3C32} = {90632C0A-2083-41A6-A243-706194665598}
		{A4697ADB-817F-43EF-9F5E-BE9088D91836} = {88BC09B4-A502-4FCC-88BE-54CB0612CBDC}
		{3C85AE59-EA79-4548-BFE2-C0B8F492A937} = {3B0FC3BF-82D3-429B-AF8F-ABA75E1C8704}
		{287F42F4-0DFB-40D2-BD87-93AC6E2E2628} = {3B0FC3BF-82D3-429B-AF8F-ABA75E1C8704}
		{24588DDF-2D73-4C6E-A1D9-AECC60399CC6} = {88BC09B4-A502-4FCC-88BE-54CB0612CBDC}
		{9EDFF0C7-4A16-4796-B642-C42F57AC7B3D} = {88BC09B4-A502-4FCC-88BE-54CB0612CBDC}
		{C9E41B4F-DB81-4252-AF66-62D954A22145} = {3B463317-883C-4DCF-8F83-5BEB51F7EC34}
		{798F110A-7F62-44C9-B770-8B80A36E366F} = {3B463317-883C-4DCF-8F83-5BEB51F7EC34}
		{C0CA54F4-6473-49C6-A75E-1BFB839FEFCE} = {31E66742-329A-4282-B268-8DEC315DA532}
	EndGlobalSection
	GlobalSection(ExtensibilityGlobals) = postSolution
		SolutionGuid = {3FAEC480-0E64-4A61-9E19-086024D8BC8C}
	EndGlobalSection
EndGlobal
