
Microsoft Visual Studio Solution File, Format Version 12.00
# Visual Studio Version 17
VisualStudioVersion = 17.0.31903.59
MinimumVisualStudioVersion = 10.0.40219.1
Project("{9A19103F-16F7-4668-BE54-9A1E7A4F7556}") = "Artify.API", "src\Artify.API\Artify.API.csproj", "{3E791194-4501-4A7E-B2B5-729D7CCEB384}"
EndProject
Project("{9A19103F-16F7-4668-BE54-9A1E7A4F7556}") = "Artify.Repository", "src\Artify.DAL\Artify.Repository.csproj", "{29ECDCB7-8538-49CF-8F5A-E2E3BB6AB236}"
EndProject
Project("{9A19103F-16F7-4668-BE54-9A1E7A4F7556}") = "Artify.WEB", "src\Artify.WEB\Artify.WEB.csproj", "{8216D7E3-6DA1-4CBF-BB03-B0A16EA0F946}"
EndProject
Project("{9A19103F-16F7-4668-BE54-9A1E7A4F7556}") = "Artify.Contracts", "src\Artify.Contracts\Artify.Contracts.csproj", "{495FC720-3F3D-4AFF-A01C-25BAA9C77FE8}"
EndProject
Project("{9A19103F-16F7-4668-BE54-9A1E7A4F7556}") = "Artify.Presentation", "src\Artify.Presentation\Artify.Presentation.csproj", "{3608604F-3A68-447D-94B4-26EC4FBC3C32}"
EndProject
Project("{FAE04EC0-301F-11D3-BF4B-00C04F79EFBC}") = "Artify.Entities", "src\Artify.Entities\Artify.Entities.csproj", "{A4697ADB-817F-43EF-9F5E-BE9088D91836}"
EndProject
Project("{FAE04EC0-301F-11D3-BF4B-00C04F79EFBC}") = "Artify.Services", "src\Artify.Services\Artify.Services.csproj", "{3C85AE59-EA79-4548-BFE2-C0B8F492A937}"
EndProject
Global
	GlobalSection(SolutionConfigurationPlatforms) = preSolution
		Debug|Any CPU = Debug|Any CPU
		Release|Any CPU = Release|Any CPU
	EndGlobalSection
	GlobalSection(ProjectConfigurationPlatforms) = postSolution
		{3E791194-4501-4A7E-B2B5-729D7CCEB384}.Debug|Any CPU.ActiveCfg = Debug|Any CPU
		{3E791194-4501-4A7E-B2B5-729D7CCEB384}.Debug|Any CPU.Build.0 = Debug|Any CPU
		{3E791194-4501-4A7E-B2B5-729D7CCEB384}.Release|Any CPU.ActiveCfg = Release|Any CPU
		{3E791194-4501-4A7E-B2B5-729D7CCEB384}.Release|Any CPU.Build.0 = Release|Any CPU
		{29ECDCB7-8538-49CF-8F5A-E2E3BB6AB236}.Debug|Any CPU.ActiveCfg = Debug|Any CPU
		{29ECDCB7-8538-49CF-8F5A-E2E3BB6AB236}.Debug|Any CPU.Build.0 = Debug|Any CPU
		{29ECDCB7-8538-49CF-8F5A-E2E3BB6AB236}.Release|Any CPU.ActiveCfg = Release|Any CPU
		{29ECDCB7-8538-49CF-8F5A-E2E3BB6AB236}.Release|Any CPU.Build.0 = Release|Any CPU
		{8216D7E3-6DA1-4CBF-BB03-B0A16EA0F946}.Debug|Any CPU.ActiveCfg = Debug|Any CPU
		{8216D7E3-6DA1-4CBF-BB03-B0A16EA0F946}.Debug|Any CPU.Build.0 = Debug|Any CPU
		{8216D7E3-6DA1-4CBF-BB03-B0A16EA0F946}.Release|Any CPU.ActiveCfg = Release|Any CPU
		{8216D7E3-6DA1-4CBF-BB03-B0A16EA0F946}.Release|Any CPU.Build.0 = Release|Any CPU
		{495FC720-3F3D-4AFF-A01C-25BAA9C77FE8}.Debug|Any CPU.ActiveCfg = Debug|Any CPU
		{495FC720-3F3D-4AFF-A01C-25BAA9C77FE8}.Debug|Any CPU.Build.0 = Debug|Any CPU
		{495FC720-3F3D-4AFF-A01C-25BAA9C77FE8}.Release|Any CPU.ActiveCfg = Release|Any CPU
		{495FC720-3F3D-4AFF-A01C-25BAA9C77FE8}.Release|Any CPU.Build.0 = Release|Any CPU
		{3608604F-3A68-447D-94B4-26EC4FBC3C32}.Debug|Any CPU.ActiveCfg = Debug|Any CPU
		{3608604F-3A68-447D-94B4-26EC4FBC3C32}.Debug|Any CPU.Build.0 = Debug|Any CPU
		{3608604F-3A68-447D-94B4-26EC4FBC3C32}.Release|Any CPU.ActiveCfg = Release|Any CPU
		{3608604F-3A68-447D-94B4-26EC4FBC3C32}.Release|Any CPU.Build.0 = Release|Any CPU
		{A4697ADB-817F-43EF-9F5E-BE9088D91836}.Debug|Any CPU.ActiveCfg = Debug|Any CPU
		{A4697ADB-817F-43EF-9F5E-BE9088D91836}.Debug|Any CPU.Build.0 = Debug|Any CPU
		{A4697ADB-817F-43EF-9F5E-BE9088D91836}.Release|Any CPU.ActiveCfg = Release|Any CPU
		{A4697ADB-817F-43EF-9F5E-BE9088D91836}.Release|Any CPU.Build.0 = Release|Any CPU
		{3C85AE59-EA79-4548-BFE2-C0B8F492A937}.Debug|Any CPU.ActiveCfg = Debug|Any CPU
		{3C85AE59-EA79-4548-BFE2-C0B8F492A937}.Debug|Any CPU.Build.0 = Debug|Any CPU
		{3C85AE59-EA79-4548-BFE2-C0B8F492A937}.Release|Any CPU.ActiveCfg = Release|Any CPU
		{3C85AE59-EA79-4548-BFE2-C0B8F492A937}.Release|Any CPU.Build.0 = Release|Any CPU
	EndGlobalSection
	GlobalSection(SolutionProperties) = preSolution
		HideSolutionNode = FALSE
	EndGlobalSection
	GlobalSection(ExtensibilityGlobals) = postSolution
		SolutionGuid = {3FAEC480-0E64-4A61-9E19-086024D8BC8C}
	EndGlobalSection
EndGlobal
